
Microsoft Visual Studio Solution File, Format Version 12.00
# Visual Studio Version 17
VisualStudioVersion = 17.8.34525.116
MinimumVisualStudioVersion = 10.0.40219.1
Project("{FAE04EC0-301F-11D3-BF4B-00C04F79EFBC}") = "CloudWepApp", "CloudWepApp.csproj", "{86B70C0B-B741-48A1-9369-8463A9B7A223}"
EndProject
Global
	GlobalSection(SolutionConfigurationPlatforms) = preSolution
		Debug|Any CPU = Debug|Any CPU
		Release|Any CPU = Release|Any CPU
	EndGlobalSection
	GlobalSection(ProjectConfigurationPlatforms) = postSolution
		{86B70C0B-B741-48A1-9369-8463A9B7A223}.Debug|Any CPU.ActiveCfg = Debug|Any CPU
		{86B70C0B-B741-48A1-9369-8463A9B7A223}.Debug|Any CPU.Build.0 = Debug|Any CPU
		{86B70C0B-B741-48A1-9369-8463A9B7A223}.Release|Any CPU.ActiveCfg = Release|Any CPU
		{86B70C0B-B741-48A1-9369-8463A9B7A223}.Release|Any CPU.Build.0 = Release|Any CPU
	EndGlobalSection
	GlobalSection(SolutionProperties) = preSolution
		HideSolutionNode = FALSE
	EndGlobalSection
	GlobalSection(ExtensibilityGlobals) = postSolution
		SolutionGuid = {52921D22-DE60-43B1-A9E8-3FA0FAFAFF92}
	EndGlobalSection
EndGlobal
